
Microsoft Visual Studio Solution File, Format Version 12.00
# Visual Studio 15
VisualStudioVersion = 15.0.27703.2042
MinimumVisualStudioVersion = 10.0.40219.1
Project("{FAE04EC0-301F-11D3-BF4B-00C04F79EFBC}") = "CarPartsSearch", "CarPartsSearch\CarPartsSearch.csproj", "{9F5B2947-424B-436F-868E-5D0D7A526581}"
EndProject
Project("{FAE04EC0-301F-11D3-BF4B-00C04F79EFBC}") = "SearchEngine", "SearchEngine\SearchEngine.csproj", "{A9C6C0D2-6CDB-44A2-9B4E-9DE51642B2E7}"
EndProject
Project("{FAE04EC0-301F-11D3-BF4B-00C04F79EFBC}") = "SearchEngineTests", "SearchEngineTests\SearchEngineTests.csproj", "{A1992544-4CF7-411F-8C12-B601310EE4A5}"
EndProject
Global
	GlobalSection(SolutionConfigurationPlatforms) = preSolution
		Debug|Any CPU = Debug|Any CPU
		Release|Any CPU = Release|Any CPU
	EndGlobalSection
	GlobalSection(ProjectConfigurationPlatforms) = postSolution
		{9F5B2947-424B-436F-868E-5D0D7A526581}.Debug|Any CPU.ActiveCfg = Debug|Any CPU
		{9F5B2947-424B-436F-868E-5D0D7A526581}.Debug|Any CPU.Build.0 = Debug|Any CPU
		{9F5B2947-424B-436F-868E-5D0D7A526581}.Release|Any CPU.ActiveCfg = Release|Any CPU
		{9F5B2947-424B-436F-868E-5D0D7A526581}.Release|Any CPU.Build.0 = Release|Any CPU
		{A9C6C0D2-6CDB-44A2-9B4E-9DE51642B2E7}.Debug|Any CPU.ActiveCfg = Debug|Any CPU
		{A9C6C0D2-6CDB-44A2-9B4E-9DE51642B2E7}.Debug|Any CPU.Build.0 = Debug|Any CPU
		{A9C6C0D2-6CDB-44A2-9B4E-9DE51642B2E7}.Release|Any CPU.ActiveCfg = Release|Any CPU
		{A9C6C0D2-6CDB-44A2-9B4E-9DE51642B2E7}.Release|Any CPU.Build.0 = Release|Any CPU
		{A1992544-4CF7-411F-8C12-B601310EE4A5}.Debug|Any CPU.ActiveCfg = Debug|Any CPU
		{A1992544-4CF7-411F-8C12-B601310EE4A5}.Debug|Any CPU.Build.0 = Debug|Any CPU
		{A1992544-4CF7-411F-8C12-B601310EE4A5}.Release|Any CPU.ActiveCfg = Release|Any CPU
		{A1992544-4CF7-411F-8C12-B601310EE4A5}.Release|Any CPU.Build.0 = Release|Any CPU
	EndGlobalSection
	GlobalSection(SolutionProperties) = preSolution
		HideSolutionNode = FALSE
	EndGlobalSection
	GlobalSection(ExtensibilityGlobals) = postSolution
		SolutionGuid = {A2A52AA6-E650-4F2B-A981-6C8ECD072F39}
	EndGlobalSection
EndGlobal
